<?xml version="1.0" encoding="utf-8"?>
<Project ToolsVersion="4.0" xmlns="http://schemas.microsoft.com/developer/msbuild/2003">
  <ItemGroup>
    <Filter Include="Source Files">
      <UniqueIdentifier>{4FC737F1-C7A5-4376-A066-2A32D752A2FF}</UniqueIdentifier>
      <Extensions>cpp;c;cc;cxx;c++;cppm;ixx;def;odl;idl;hpj;bat;asm;asmx</Extensions>
    </Filter>
    <Filter Include="Header Files">
      <UniqueIdentifier>{93995380-89BD-4b04-88EB-625FBE52EBFB}</UniqueIdentifier>
      <Extensions>h;hh;hpp;hxx;h++;hm;inl;inc;ipp;xsd</Extensions>
    </Filter>
    <Filter Include="Resource Files">
      <UniqueIdentifier>{67DA6AB6-F800-4c08-8B7A-83BB121AAD01}</UniqueIdentifier>
      <Extensions>rc;ico;cur;bmp;dlg;rc2;rct;bin;rgs;gif;jpg;jpeg;jpe;resx;tiff;tif;png;wav;mfcribbon-ms</Extensions>
    </Filter>
  </ItemGroup>
  <ItemGroup>
    <ClCompile Include="SnejkyGL\Source\Camera.cpp">
      <Filter>Source Files</Filter>
    </ClCompile>
    <ClCompile Include="SnejkyGL\Source\Engine.cpp">
      <Filter>Source Files</Filter>
    </ClCompile>
    <ClCompile Include="SnejkyGL\Source\Face.cpp">
      <Filter>Source Files</Filter>
    </ClCompile>
    <ClCompile Include="SnejkyGL\Source\GameObject.cpp">
      <Filter>Source Files</Filter>
    </ClCompile>
    <ClCompile Include="SnejkyGL\Source\GameScreen.cpp">
      <Filter>Source Files</Filter>
    </ClCompile>
    <ClCompile Include="main.cpp">
      <Filter>Source Files</Filter>
    </ClCompile>
    <ClCompile Include="SnejkyGL\Source\Mesh.cpp">
      <Filter>Source Files</Filter>
    </ClCompile>
    <ClCompile Include="SnejkyGL\Source\Object.cpp">
      <Filter>Source Files</Filter>
    </ClCompile>
    <ClCompile Include="SnejkyGL\Source\Renderer.cpp">
      <Filter>Source Files</Filter>
    </ClCompile>
    <ClCompile Include="SnejkyGL\Source\TestObject.cpp">
      <Filter>Source Files</Filter>
    </ClCompile>
    <ClCompile Include="SnejkyGL\Source\Vector2.cpp">
      <Filter>Source Files</Filter>
    </ClCompile>
    <ClCompile Include="SnejkyGL\Source\Vector3.cpp">
      <Filter>Source Files</Filter>
    </ClCompile>
    <ClCompile Include="SnejkyGL\Source\Vertex.cpp">
      <Filter>Source Files</Filter>
    </ClCompile>
    <ClCompile Include="SnejkyGL\lib_json\json_reader.cpp">
      <Filter>Source Files</Filter>
    </ClCompile>
    <ClCompile Include="SnejkyGL\lib_json\json_value.cpp">
      <Filter>Source Files</Filter>
    </ClCompile>
    <ClCompile Include="SnejkyGL\lib_json\json_writer.cpp">
      <Filter>Source Files</Filter>
    </ClCompile>
    <ClCompile Include="SnejkyGL\Objects\Source\Cube.cpp">
      <Filter>Source Files</Filter>
    </ClCompile>
    <ClCompile Include="SnejkyGL\Objects\Source\Pyramid.cpp">
      <Filter>Source Files</Filter>
    </ClCompile>
    <ClCompile Include="SnejkyGL\Objects\Source\Plain.cpp">
      <Filter>Source Files</Filter>
    </ClCompile>
  </ItemGroup>
  <ItemGroup>
    <ClInclude Include="SnejkyGL\Camera.h">
      <Filter>Header Files</Filter>
    </ClInclude>
    <ClInclude Include="SnejkyGL\Engine.h">
      <Filter>Header Files</Filter>
    </ClInclude>
    <ClInclude Include="SnejkyGL\Face.h">
      <Filter>Header Files</Filter>
    </ClInclude>
    <ClInclude Include="SnejkyGL\GameObject.h">
      <Filter>Header Files</Filter>
    </ClInclude>
    <ClInclude Include="SnejkyGL\GameScreen.h">
      <Filter>Header Files</Filter>
    </ClInclude>
    <ClInclude Include="SnejkyGL\Mesh.h">
      <Filter>Header Files</Filter>
    </ClInclude>
    <ClInclude Include="SnejkyGL\Object.h">
      <Filter>Header Files</Filter>
    </ClInclude>
    <ClInclude Include="SnejkyGL\Renderer.h">
      <Filter>Header Files</Filter>
    </ClInclude>
    <ClInclude Include="SnejkyGL\TestObject.h">
      <Filter>Header Files</Filter>
    </ClInclude>
    <ClInclude Include="SnejkyGL\Vector2.h">
      <Filter>Header Files</Filter>
    </ClInclude>
    <ClInclude Include="SnejkyGL\Vector3.h">
      <Filter>Header Files</Filter>
    </ClInclude>
    <ClInclude Include="SnejkyGL\Vertex.h">
      <Filter>Header Files</Filter>
    </ClInclude>
    <ClInclude Include="SnejkyGL\lib_json\json_tool.h">
      <Filter>Header Files</Filter>
    </ClInclude>
    <ClInclude Include="SnejkyGL\Objects\Cube.h">
      <Filter>Header Files</Filter>
    </ClInclude>
    <ClInclude Include="SnejkyGL\Objects\Pyramid.h">
      <Filter>Header Files</Filter>
    </ClInclude>
    <ClInclude Include="SnejkyGL\Objects\Plain.h">
      <Filter>Header Files</Filter>
    </ClInclude>
  </ItemGroup>
  <ItemGroup>
    <None Include="SnejkyGL\Meshes\cube.json" />
    <None Include="SnejkyGL\lib_json\json_valueiterator.inl">
      <Filter>Header Files</Filter>
    </None>
    <None Include="SnejkyGL\Meshes\pyramid.json" />
  </ItemGroup>
  <ItemGroup>
    <Text Include="SnejkyGL\lib_json\CMakeLists.txt" />
  </ItemGroup>
</Project>